
Microsoft Visual Studio Solution File, Format Version 12.00
# Visual Studio Version 17
VisualStudioVersion = 17.9.34728.123
MinimumVisualStudioVersion = 10.0.40219.1
Project("{9A19103F-16F7-4668-BE54-9A1E7A4F7556}") = "DirtyToCleanCodeExample", "DirtyToCleanCodeExample\DirtyToCleanCodeExample.csproj", "{9D7482D2-36C3-4FE9-8EAD-1D58E2617FDD}"
EndProject
Project("{9A19103F-16F7-4668-BE54-9A1E7A4F7556}") = "Core", "Core\Core.csproj", "{2734EE3E-F1B5-4B58-BF3D-A02CDFD2D6E5}"
EndProject
Project("{9A19103F-16F7-4668-BE54-9A1E7A4F7556}") = "Service", "Service\Service.csproj", "{AB459005-7C79-4F6D-90D6-454EE8496427}"
EndProject
Project("{9A19103F-16F7-4668-BE54-9A1E7A4F7556}") = "Data", "Data\Data.csproj", "{8B0EF883-12F1-4928-B85F-5DC953F4A3D9}"
EndProject
Project("{2150E333-8FDC-42A3-9474-1A3956D46DE8}") = "Çözüm Öğeleri", "Çözüm Öğeleri", "{4947F800-8864-401D-82EB-75C327A3F42E}"
	ProjectSection(SolutionItems) = preProject
		README_TAHA.md = README_TAHA.md
	EndProjectSection
EndProject
Global
	GlobalSection(SolutionConfigurationPlatforms) = preSolution
		Debug|Any CPU = Debug|Any CPU
		Release|Any CPU = Release|Any CPU
	EndGlobalSection
	GlobalSection(ProjectConfigurationPlatforms) = postSolution
		{9D7482D2-36C3-4FE9-8EAD-1D58E2617FDD}.Debug|Any CPU.ActiveCfg = Debug|Any CPU
		{9D7482D2-36C3-4FE9-8EAD-1D58E2617FDD}.Debug|Any CPU.Build.0 = Debug|Any CPU
		{9D7482D2-36C3-4FE9-8EAD-1D58E2617FDD}.Release|Any CPU.ActiveCfg = Release|Any CPU
		{9D7482D2-36C3-4FE9-8EAD-1D58E2617FDD}.Release|Any CPU.Build.0 = Release|Any CPU
		{2734EE3E-F1B5-4B58-BF3D-A02CDFD2D6E5}.Debug|Any CPU.ActiveCfg = Debug|Any CPU
		{2734EE3E-F1B5-4B58-BF3D-A02CDFD2D6E5}.Debug|Any CPU.Build.0 = Debug|Any CPU
		{2734EE3E-F1B5-4B58-BF3D-A02CDFD2D6E5}.Release|Any CPU.ActiveCfg = Release|Any CPU
		{2734EE3E-F1B5-4B58-BF3D-A02CDFD2D6E5}.Release|Any CPU.Build.0 = Release|Any CPU
		{AB459005-7C79-4F6D-90D6-454EE8496427}.Debug|Any CPU.ActiveCfg = Debug|Any CPU
		{AB459005-7C79-4F6D-90D6-454EE8496427}.Debug|Any CPU.Build.0 = Debug|Any CPU
		{AB459005-7C79-4F6D-90D6-454EE8496427}.Release|Any CPU.ActiveCfg = Release|Any CPU
		{AB459005-7C79-4F6D-90D6-454EE8496427}.Release|Any CPU.Build.0 = Release|Any CPU
		{8B0EF883-12F1-4928-B85F-5DC953F4A3D9}.Debug|Any CPU.ActiveCfg = Debug|Any CPU
		{8B0EF883-12F1-4928-B85F-5DC953F4A3D9}.Debug|Any CPU.Build.0 = Debug|Any CPU
		{8B0EF883-12F1-4928-B85F-5DC953F4A3D9}.Release|Any CPU.ActiveCfg = Release|Any CPU
		{8B0EF883-12F1-4928-B85F-5DC953F4A3D9}.Release|Any CPU.Build.0 = Release|Any CPU
	EndGlobalSection
	GlobalSection(SolutionProperties) = preSolution
		HideSolutionNode = FALSE
	EndGlobalSection
	GlobalSection(ExtensibilityGlobals) = postSolution
		SolutionGuid = {4DAC489B-DD9C-49B8-96A2-614E3654673B}
	EndGlobalSection
EndGlobal
